
Microsoft Visual Studio Solution File, Format Version 12.00
# Visual Studio Version 17
VisualStudioVersion = 17.0.31611.283
MinimumVisualStudioVersion = 10.0.40219.1
Project("{2150E333-8FDC-42A3-9474-1A3956D46DE8}") = "1 - App", "1 - App", "{26BB13EF-1429-4854-AF95-1080F937F60E}"
EndProject
Project("{2150E333-8FDC-42A3-9474-1A3956D46DE8}") = "2 - Control", "2 - Control", "{E8235D68-430D-47FA-9A6C-7C04C68CD213}"
EndProject
Project("{2150E333-8FDC-42A3-9474-1A3956D46DE8}") = "3 - General", "3 - General", "{46B97B72-83D1-4F02-A671-AAA4161F0CC3}"
EndProject
Project("{2150E333-8FDC-42A3-9474-1A3956D46DE8}") = "4 - Base", "4 - Base", "{CFDEB2B5-596E-43BF-ACC0-914360A91152}"
EndProject
Project("{9A19103F-16F7-4668-BE54-9A1E7A4F7556}") = "H.Maui.App.Main", "..\..\Source\App\H.Maui.App.Main\H.Maui.App.Main.csproj", "{74508FB1-A5CF-49FF-AAF6-ECFC25D6B702}"
EndProject
Project("{2150E333-8FDC-42A3-9474-1A3956D46DE8}") = "1 - TestApp", "1 - TestApp", "{4FFD4981-2B94-4E22-BC49-EB3BFF9D9AEB}"
EndProject
Project("{FAE04EC0-301F-11D3-BF4B-00C04F79EFBC}") = "H.Maui.TestApp.Main", "..\..\Source\TestApp\H.Maui.TestApp.Main\H.Maui.TestApp.Main.csproj", "{4A910406-85BD-4444-BBE1-1FF4BBA822DF}"
EndProject
Global
	GlobalSection(SolutionConfigurationPlatforms) = preSolution
		Debug|Any CPU = Debug|Any CPU
		Release|Any CPU = Release|Any CPU
	EndGlobalSection
	GlobalSection(ProjectConfigurationPlatforms) = postSolution
		{74508FB1-A5CF-49FF-AAF6-ECFC25D6B702}.Debug|Any CPU.ActiveCfg = Debug|Any CPU
		{74508FB1-A5CF-49FF-AAF6-ECFC25D6B702}.Debug|Any CPU.Build.0 = Debug|Any CPU
		{74508FB1-A5CF-49FF-AAF6-ECFC25D6B702}.Debug|Any CPU.Deploy.0 = Debug|Any CPU
		{74508FB1-A5CF-49FF-AAF6-ECFC25D6B702}.Release|Any CPU.ActiveCfg = Release|Any CPU
		{74508FB1-A5CF-49FF-AAF6-ECFC25D6B702}.Release|Any CPU.Build.0 = Release|Any CPU
		{74508FB1-A5CF-49FF-AAF6-ECFC25D6B702}.Release|Any CPU.Deploy.0 = Release|Any CPU
		{4A910406-85BD-4444-BBE1-1FF4BBA822DF}.Debug|Any CPU.ActiveCfg = Debug|Any CPU
		{4A910406-85BD-4444-BBE1-1FF4BBA822DF}.Debug|Any CPU.Build.0 = Debug|Any CPU
		{4A910406-85BD-4444-BBE1-1FF4BBA822DF}.Debug|Any CPU.Deploy.0 = Debug|Any CPU
		{4A910406-85BD-4444-BBE1-1FF4BBA822DF}.Release|Any CPU.ActiveCfg = Release|Any CPU
		{4A910406-85BD-4444-BBE1-1FF4BBA822DF}.Release|Any CPU.Build.0 = Release|Any CPU
		{4A910406-85BD-4444-BBE1-1FF4BBA822DF}.Release|Any CPU.Deploy.0 = Release|Any CPU
	EndGlobalSection
	GlobalSection(SolutionProperties) = preSolution
		HideSolutionNode = FALSE
	EndGlobalSection
	GlobalSection(NestedProjects) = preSolution
		{74508FB1-A5CF-49FF-AAF6-ECFC25D6B702} = {26BB13EF-1429-4854-AF95-1080F937F60E}
		{4A910406-85BD-4444-BBE1-1FF4BBA822DF} = {4FFD4981-2B94-4E22-BC49-EB3BFF9D9AEB}
	EndGlobalSection
	GlobalSection(ExtensibilityGlobals) = postSolution
		SolutionGuid = {61F7FB11-1E47-470C-91E2-47F8143E1572}
	EndGlobalSection
EndGlobal
